
Microsoft Visual Studio Solution File, Format Version 12.00
# Visual Studio Version 17
VisualStudioVersion = 17.9.34607.119
MinimumVisualStudioVersion = 10.0.40219.1
Project("{FAE04EC0-301F-11D3-BF4B-00C04F79EFBC}") = "StudentDetailsBackend", "StudentDetailsBackend\StudentDetailsBackend.csproj", "{194E2EE6-37CE-4FFB-BA91-C3B991575BEA}"
EndProject
Global
	GlobalSection(SolutionConfigurationPlatforms) = preSolution
		Debug|Any CPU = Debug|Any CPU
		Release|Any CPU = Release|Any CPU
	EndGlobalSection
	GlobalSection(ProjectConfigurationPlatforms) = postSolution
		{194E2EE6-37CE-4FFB-BA91-C3B991575BEA}.Debug|Any CPU.ActiveCfg = Debug|Any CPU
		{194E2EE6-37CE-4FFB-BA91-C3B991575BEA}.Debug|Any CPU.Build.0 = Debug|Any CPU
		{194E2EE6-37CE-4FFB-BA91-C3B991575BEA}.Release|Any CPU.ActiveCfg = Release|Any CPU
		{194E2EE6-37CE-4FFB-BA91-C3B991575BEA}.Release|Any CPU.Build.0 = Release|Any CPU
	EndGlobalSection
	GlobalSection(SolutionProperties) = preSolution
		HideSolutionNode = FALSE
	EndGlobalSection
	GlobalSection(ExtensibilityGlobals) = postSolution
		SolutionGuid = {DC7E6C67-D5E3-40A2-ACA7-6F32A04D2AD4}
	EndGlobalSection
EndGlobal
